
Microsoft Visual Studio Solution File, Format Version 12.00
# Visual Studio Version 17
VisualStudioVersion = 17.8.34330.188
MinimumVisualStudioVersion = 10.0.40219.1
Project("{FAE04EC0-301F-11D3-BF4B-00C04F79EFBC}") = "Zadanie 1", "Zadanie 1.csproj", "{1DB49E97-26E0-4FEB-ADF3-090966745224}"
EndProject
Global
	GlobalSection(SolutionConfigurationPlatforms) = preSolution
		Debug|Any CPU = Debug|Any CPU
		Release|Any CPU = Release|Any CPU
	EndGlobalSection
	GlobalSection(ProjectConfigurationPlatforms) = postSolution
		{1DB49E97-26E0-4FEB-ADF3-090966745224}.Debug|Any CPU.ActiveCfg = Debug|Any CPU
		{1DB49E97-26E0-4FEB-ADF3-090966745224}.Debug|Any CPU.Build.0 = Debug|Any CPU
		{1DB49E97-26E0-4FEB-ADF3-090966745224}.Release|Any CPU.ActiveCfg = Release|Any CPU
		{1DB49E97-26E0-4FEB-ADF3-090966745224}.Release|Any CPU.Build.0 = Release|Any CPU
	EndGlobalSection
	GlobalSection(SolutionProperties) = preSolution
		HideSolutionNode = FALSE
	EndGlobalSection
	GlobalSection(ExtensibilityGlobals) = postSolution
		SolutionGuid = {1671B1B9-D5E5-4364-B25A-D865EFA0A773}
	EndGlobalSection
EndGlobal
